
Microsoft Visual Studio Solution File, Format Version 12.00
# Visual Studio 2017
Project("{FAE04EC0-301F-11D3-BF4B-00C04F79EFBC}") = "CavemanBattleMiniGame", "CavemanBattleMiniGame.csproj", "{A1B9641D-E0BB-2FEA-49DF-2A843C8A8655}"
EndProject
Global
	GlobalSection(SolutionConfigurationPlatforms) = preSolution
		Debug|Any CPU = Debug|Any CPU
		Release|Any CPU = Release|Any CPU
	EndGlobalSection
	GlobalSection(ProjectConfigurationPlatforms) = postSolution
		{A1B9641D-E0BB-2FEA-49DF-2A843C8A8655}.Debug|Any CPU.ActiveCfg = Debug|Any CPU
		{A1B9641D-E0BB-2FEA-49DF-2A843C8A8655}.Debug|Any CPU.Build.0 = Debug|Any CPU
		{A1B9641D-E0BB-2FEA-49DF-2A843C8A8655}.Release|Any CPU.ActiveCfg = Release|Any CPU
		{A1B9641D-E0BB-2FEA-49DF-2A843C8A8655}.Release|Any CPU.Build.0 = Release|Any CPU
	EndGlobalSection
	GlobalSection(SolutionProperties) = preSolution
		HideSolutionNode = FALSE
	EndGlobalSection
EndGlobal
